
Microsoft Visual Studio Solution File, Format Version 12.00
# Visual Studio 15
VisualStudioVersion = 15.0.28307.1145
MinimumVisualStudioVersion = 10.0.40219.1
Project("{159641D6-6404-4A2A-AE62-294DE0FE8301}") = "Spicerhaart.Rosie.Sync", "Spicerhaart.RexPropertySync\Spicerhaart.Rosie.Sync.dtproj", "{09D0A6FE-1E16-4543-88AD-6E774F2D41EB}"
EndProject
Project("{2150E333-8FDC-42A3-9474-1A3956D46DE8}") = "Database", "Database", "{84AA4CE2-FD2C-496F-A813-B8C20D19E2EC}"
	ProjectSection(SolutionItems) = preProject
		RexSync.sql = RexSync.sql
	EndProjectSection
EndProject
Project("{2150E333-8FDC-42A3-9474-1A3956D46DE8}") = "Solution Items", "Solution Items", "{1B579BD9-93E5-4BEA-8276-A61F4879C2F8}"
EndProject
Project("{159641D6-6404-4A2A-AE62-294DE0FE8301}") = "Spicerhaart.Rosie.GroupSiteFeed", "Spicerhaart.RosieGroupSiteFeed\Spicerhaart.Rosie.GroupSiteFeed.dtproj", "{A5F7413F-023A-4852-B338-B1D4A2A61ABB}"
EndProject
Project("{159641D6-6404-4A2A-AE62-294DE0FE8301}") = "Spicerhaart.Rosie.Metric.Sync", "Spicerhaart.RosieMetrics\Spicerhaart.Rosie.Metric.Sync.dtproj", "{AAF84676-54C0-4C37-AF72-FCA1FDB6E42E}"
EndProject
Project("{159641D6-6404-4A2A-AE62-294DE0FE8301}") = "Spicerhaart.Rosie.GeneralSync", "Spicerhaart.RosieOverNightSync\Spicerhaart.Rosie.GeneralSync.dtproj", "{3BE8C147-F63F-426B-9A47-1DDEF874AAE4}"
EndProject
Global
	GlobalSection(SolutionConfigurationPlatforms) = preSolution
		Debug|Any CPU = Debug|Any CPU
		Development|Any CPU = Development|Any CPU
		Release|Any CPU = Release|Any CPU
	EndGlobalSection
	GlobalSection(ProjectConfigurationPlatforms) = postSolution
		{09D0A6FE-1E16-4543-88AD-6E774F2D41EB}.Debug|Any CPU.ActiveCfg = Development
		{09D0A6FE-1E16-4543-88AD-6E774F2D41EB}.Debug|Any CPU.Build.0 = Development
		{09D0A6FE-1E16-4543-88AD-6E774F2D41EB}.Development|Any CPU.ActiveCfg = Development
		{09D0A6FE-1E16-4543-88AD-6E774F2D41EB}.Development|Any CPU.Build.0 = Development
		{09D0A6FE-1E16-4543-88AD-6E774F2D41EB}.Release|Any CPU.ActiveCfg = Development
		{09D0A6FE-1E16-4543-88AD-6E774F2D41EB}.Release|Any CPU.Build.0 = Development
		{A5F7413F-023A-4852-B338-B1D4A2A61ABB}.Debug|Any CPU.ActiveCfg = Development
		{A5F7413F-023A-4852-B338-B1D4A2A61ABB}.Debug|Any CPU.Build.0 = Development
		{A5F7413F-023A-4852-B338-B1D4A2A61ABB}.Development|Any CPU.ActiveCfg = Development
		{A5F7413F-023A-4852-B338-B1D4A2A61ABB}.Development|Any CPU.Build.0 = Development
		{A5F7413F-023A-4852-B338-B1D4A2A61ABB}.Release|Any CPU.ActiveCfg = Development
		{A5F7413F-023A-4852-B338-B1D4A2A61ABB}.Release|Any CPU.Build.0 = Development
		{AAF84676-54C0-4C37-AF72-FCA1FDB6E42E}.Debug|Any CPU.ActiveCfg = Development
		{AAF84676-54C0-4C37-AF72-FCA1FDB6E42E}.Debug|Any CPU.Build.0 = Development
		{AAF84676-54C0-4C37-AF72-FCA1FDB6E42E}.Development|Any CPU.ActiveCfg = Development
		{AAF84676-54C0-4C37-AF72-FCA1FDB6E42E}.Development|Any CPU.Build.0 = Development
		{AAF84676-54C0-4C37-AF72-FCA1FDB6E42E}.Release|Any CPU.ActiveCfg = Development
		{AAF84676-54C0-4C37-AF72-FCA1FDB6E42E}.Release|Any CPU.Build.0 = Development
		{3BE8C147-F63F-426B-9A47-1DDEF874AAE4}.Debug|Any CPU.ActiveCfg = Development
		{3BE8C147-F63F-426B-9A47-1DDEF874AAE4}.Debug|Any CPU.Build.0 = Development
		{3BE8C147-F63F-426B-9A47-1DDEF874AAE4}.Development|Any CPU.ActiveCfg = Development
		{3BE8C147-F63F-426B-9A47-1DDEF874AAE4}.Development|Any CPU.Build.0 = Development
		{3BE8C147-F63F-426B-9A47-1DDEF874AAE4}.Release|Any CPU.ActiveCfg = Development
		{3BE8C147-F63F-426B-9A47-1DDEF874AAE4}.Release|Any CPU.Build.0 = Development
	EndGlobalSection
	GlobalSection(SolutionProperties) = preSolution
		HideSolutionNode = FALSE
	EndGlobalSection
	GlobalSection(ExtensibilityGlobals) = postSolution
		SolutionGuid = {73204AEA-EDB5-4914-9789-F518CC475F33}
	EndGlobalSection
EndGlobal
